
Microsoft Visual Studio Solution File, Format Version 11.00
# Visual C# Express 2010
Project("{FAE04EC0-301F-11D3-BF4B-00C04F79EFBC}") = "Space", "Space\Space\Space.csproj", "{E7C5555C-5C68-40A8-902C-3B830611164D}"
EndProject
Project("{FAE04EC0-301F-11D3-BF4B-00C04F79EFBC}") = "SpaceContent", "Space\SpaceContent\SpaceContent.contentproj", "{D9BF25CE-30D0-4F09-BE99-048F90541358}"
EndProject
Project("{FAE04EC0-301F-11D3-BF4B-00C04F79EFBC}") = "Farseer Physics XNA", "Space\Farseer\Farseer Physics XNA.csproj", "{0A850700-1ABB-4288-A391-6726B90EBEB9}"
EndProject
Global
	GlobalSection(SolutionConfigurationPlatforms) = preSolution
		Debug|x86 = Debug|x86
		Release|x86 = Release|x86
	EndGlobalSection
	GlobalSection(ProjectConfigurationPlatforms) = postSolution
		{E7C5555C-5C68-40A8-902C-3B830611164D}.Debug|x86.ActiveCfg = Debug|x86
		{E7C5555C-5C68-40A8-902C-3B830611164D}.Debug|x86.Build.0 = Debug|x86
		{E7C5555C-5C68-40A8-902C-3B830611164D}.Release|x86.ActiveCfg = Release|x86
		{E7C5555C-5C68-40A8-902C-3B830611164D}.Release|x86.Build.0 = Release|x86
		{D9BF25CE-30D0-4F09-BE99-048F90541358}.Debug|x86.ActiveCfg = Debug|x86
		{D9BF25CE-30D0-4F09-BE99-048F90541358}.Release|x86.ActiveCfg = Release|x86
		{0A850700-1ABB-4288-A391-6726B90EBEB9}.Debug|x86.ActiveCfg = Debug|x86
		{0A850700-1ABB-4288-A391-6726B90EBEB9}.Debug|x86.Build.0 = Debug|x86
		{0A850700-1ABB-4288-A391-6726B90EBEB9}.Release|x86.ActiveCfg = Release|x86
		{0A850700-1ABB-4288-A391-6726B90EBEB9}.Release|x86.Build.0 = Release|x86
	EndGlobalSection
	GlobalSection(SolutionProperties) = preSolution
		HideSolutionNode = FALSE
	EndGlobalSection
EndGlobal
